
Microsoft Visual Studio Solution File, Format Version 12.00
# Visual Studio 14
VisualStudioVersion = 14.0.25420.1
MinimumVisualStudioVersion = 10.0.40219.1
Project("{FAE04EC0-301F-11D3-BF4B-00C04F79EFBC}") = "WebSocketService", "WebSocketService\WebSocketService.csproj", "{72FF372B-2F21-4804-BB63-A854B12A2513}"
EndProject
Project("{FAE04EC0-301F-11D3-BF4B-00C04F79EFBC}") = "TestServer", "TestServer\TestServer.csproj", "{954A93EB-F8ED-406F-A96A-C9AF4E098671}"
EndProject
Project("{FAE04EC0-301F-11D3-BF4B-00C04F79EFBC}") = "WebSocketClient", "WebSocketClient\WebSocketClient.csproj", "{C8502B2F-3F32-4309-B7B0-42B21BE78D16}"
EndProject
Global
	GlobalSection(SolutionConfigurationPlatforms) = preSolution
		Debug|Any CPU = Debug|Any CPU
		Release|Any CPU = Release|Any CPU
	EndGlobalSection
	GlobalSection(ProjectConfigurationPlatforms) = postSolution
		{72FF372B-2F21-4804-BB63-A854B12A2513}.Debug|Any CPU.ActiveCfg = Debug|Any CPU
		{72FF372B-2F21-4804-BB63-A854B12A2513}.Debug|Any CPU.Build.0 = Debug|Any CPU
		{72FF372B-2F21-4804-BB63-A854B12A2513}.Release|Any CPU.ActiveCfg = Release|Any CPU
		{72FF372B-2F21-4804-BB63-A854B12A2513}.Release|Any CPU.Build.0 = Release|Any CPU
		{954A93EB-F8ED-406F-A96A-C9AF4E098671}.Debug|Any CPU.ActiveCfg = Debug|Any CPU
		{954A93EB-F8ED-406F-A96A-C9AF4E098671}.Debug|Any CPU.Build.0 = Debug|Any CPU
		{954A93EB-F8ED-406F-A96A-C9AF4E098671}.Release|Any CPU.ActiveCfg = Release|Any CPU
		{954A93EB-F8ED-406F-A96A-C9AF4E098671}.Release|Any CPU.Build.0 = Release|Any CPU
		{C8502B2F-3F32-4309-B7B0-42B21BE78D16}.Debug|Any CPU.ActiveCfg = Debug|Any CPU
		{C8502B2F-3F32-4309-B7B0-42B21BE78D16}.Debug|Any CPU.Build.0 = Debug|Any CPU
		{C8502B2F-3F32-4309-B7B0-42B21BE78D16}.Release|Any CPU.ActiveCfg = Release|Any CPU
		{C8502B2F-3F32-4309-B7B0-42B21BE78D16}.Release|Any CPU.Build.0 = Release|Any CPU
	EndGlobalSection
	GlobalSection(SolutionProperties) = preSolution
		HideSolutionNode = FALSE
	EndGlobalSection
EndGlobal
